// !$*UTF8*$!
{
	archiveVersion = 1;
	classes = {
	};
	objectVersion = 48;
	objects = {

/* Begin PBXBuildFile section */
		95EF2BD92136079C00A27463 /* AppDelegate.swift in Sources */ = {isa = PBXBuildFile; fileRef = 95EF2BD82136079C00A27463 /* AppDelegate.swift */; };
		95EF2BDB2136079C00A27463 /* Assets.xcassets in Resources */ = {isa = PBXBuildFile; fileRef = 95EF2BDA2136079C00A27463 /* Assets.xcassets */; };
		95EF2BE42136088800A27463 /* AppDelegate.swift in Sources */ = {isa = PBXBuildFile; fileRef = 95EF2BD82136079C00A27463 /* AppDelegate.swift */; };
		95EF2BE62136438B00A27463 /* MainViewController.swift in Sources */ = {isa = PBXBuildFile; fileRef = 95EF2BE52136438B00A27463 /* MainViewController.swift */; };
		95EF2BEA2136489300A27463 /* Storyboard.storyboard in Resources */ = {isa = PBXBuildFile; fileRef = 95EF2BE92136489300A27463 /* Storyboard.storyboard */; };
		95EF2BEF21364EC800A27463 /* InlineButtonSearchField.swift in Sources */ = {isa = PBXBuildFile; fileRef = 95EF2BEE21364EC800A27463 /* InlineButtonSearchField.swift */; };
/* End PBXBuildFile section */

/* Begin PBXFileReference section */
		95EF2B9F2135B8B400A27463 /* InlineButtonSearchField.app */ = {isa = PBXFileReference; explicitFileType = wrapper.application; includeInIndex = 0; path = InlineButtonSearchField.app; sourceTree = BUILT_PRODUCTS_DIR; };
		95EF2BD62136079C00A27463 /* InlineButtonSearchFieldExample.app */ = {isa = PBXFileReference; explicitFileType = wrapper.application; includeInIndex = 0; path = InlineButtonSearchFieldExample.app; sourceTree = BUILT_PRODUCTS_DIR; };
		95EF2BD82136079C00A27463 /* AppDelegate.swift */ = {isa = PBXFileReference; lastKnownFileType = sourcecode.swift; path = AppDelegate.swift; sourceTree = "<group>"; };
		95EF2BDA2136079C00A27463 /* Assets.xcassets */ = {isa = PBXFileReference; lastKnownFileType = folder.assetcatalog; path = Assets.xcassets; sourceTree = "<group>"; };
		95EF2BDF2136079C00A27463 /* Info.plist */ = {isa = PBXFileReference; lastKnownFileType = text.plist.xml; path = Info.plist; sourceTree = "<group>"; };
		95EF2BE02136079C00A27463 /* InlineButtonSearchFieldExample.entitlements */ = {isa = PBXFileReference; lastKnownFileType = text.plist.entitlements; path = InlineButtonSearchFieldExample.entitlements; sourceTree = "<group>"; };
		95EF2BE52136438B00A27463 /* MainViewController.swift */ = {isa = PBXFileReference; lastKnownFileType = sourcecode.swift; path = MainViewController.swift; sourceTree = "<group>"; };
		95EF2BE92136489300A27463 /* Storyboard.storyboard */ = {isa = PBXFileReference; lastKnownFileType = file.storyboard; path = Storyboard.storyboard; sourceTree = "<group>"; };
		95EF2BEE21364EC800A27463 /* InlineButtonSearchField.swift */ = {isa = PBXFileReference; lastKnownFileType = sourcecode.swift; path = InlineButtonSearchField.swift; sourceTree = "<group>"; };
/* End PBXFileReference section */

/* Begin PBXFrameworksBuildPhase section */
		95EF2B9C2135B8B400A27463 /* Frameworks */ = {
			isa = PBXFrameworksBuildPhase;
			buildActionMask = 2147483647;
			files = (
			);
			runOnlyForDeploymentPostprocessing = 0;
		};
		95EF2BD32136079C00A27463 /* Frameworks */ = {
			isa = PBXFrameworksBuildPhase;
			buildActionMask = 2147483647;
			files = (
			);
			runOnlyForDeploymentPostprocessing = 0;
		};
/* End PBXFrameworksBuildPhase section */

/* Begin PBXGroup section */
		95EF2B962135B8B400A27463 = {
			isa = PBXGroup;
			children = (
				95EF2BD72136079C00A27463 /* InlineButtonSearchFieldExample */,
				95EF2BA02135B8B400A27463 /* Products */,
			);
			sourceTree = "<group>";
		};
		95EF2BA02135B8B400A27463 /* Products */ = {
			isa = PBXGroup;
			children = (
				95EF2B9F2135B8B400A27463 /* InlineButtonSearchField.app */,
				95EF2BD62136079C00A27463 /* InlineButtonSearchFieldExample.app */,
			);
			name = Products;
			sourceTree = "<group>";
		};
		95EF2BD72136079C00A27463 /* InlineButtonSearchFieldExample */ = {
			isa = PBXGroup;
			children = (
				95EF2BD82136079C00A27463 /* AppDelegate.swift */,
				95EF2BDA2136079C00A27463 /* Assets.xcassets */,
				95EF2BDF2136079C00A27463 /* Info.plist */,
				95EF2BE02136079C00A27463 /* InlineButtonSearchFieldExample.entitlements */,
				95EF2BE52136438B00A27463 /* MainViewController.swift */,
				95EF2BE92136489300A27463 /* Storyboard.storyboard */,
				95EF2BEE21364EC800A27463 /* InlineButtonSearchField.swift */,
			);
			path = InlineButtonSearchFieldExample;
			sourceTree = "<group>";
		};
/* End PBXGroup section */

/* Begin PBXNativeTarget section */
		95EF2B9E2135B8B400A27463 /* InlineButtonSearchField */ = {
			isa = PBXNativeTarget;
			buildConfigurationList = 95EF2BAD2135B8B400A27463 /* Build configuration list for PBXNativeTarget "InlineButtonSearchField" */;
			buildPhases = (
				95EF2B9B2135B8B400A27463 /* Sources */,
				95EF2B9C2135B8B400A27463 /* Frameworks */,
				95EF2B9D2135B8B400A27463 /* Resources */,
			);
			buildRules = (
			);
			dependencies = (
			);
			name = InlineButtonSearchField;
			productName = InlineButtonSearchField;
			productReference = 95EF2B9F2135B8B400A27463 /* InlineButtonSearchField.app */;
			productType = "com.apple.product-type.application";
		};
		95EF2BD52136079C00A27463 /* InlineButtonSearchFieldExample */ = {
			isa = PBXNativeTarget;
			buildConfigurationList = 95EF2BE12136079D00A27463 /* Build configuration list for PBXNativeTarget "InlineButtonSearchFieldExample" */;
			buildPhases = (
				95EF2BD22136079C00A27463 /* Sources */,
				95EF2BD32136079C00A27463 /* Frameworks */,
				95EF2BD42136079C00A27463 /* Resources */,
			);
			buildRules = (
			);
			dependencies = (
			);
			name = InlineButtonSearchFieldExample;
			productName = InlineButtonSearchFieldExample;
			productReference = 95EF2BD62136079C00A27463 /* InlineButtonSearchFieldExample.app */;
			productType = "com.apple.product-type.application";
		};
/* End PBXNativeTarget section */

/* Begin PBXProject section */
		95EF2B972135B8B400A27463 /* Project object */ = {
			isa = PBXProject;
			attributes = {
				LastSwiftUpdateCheck = 0920;
				LastUpgradeCheck = 0920;
				ORGANIZATIONNAME = scholtzan;
				TargetAttributes = {
					95EF2B9E2135B8B400A27463 = {
						CreatedOnToolsVersion = 9.2;
						ProvisioningStyle = Automatic;
					};
					95EF2BD52136079C00A27463 = {
						CreatedOnToolsVersion = 9.2;
						ProvisioningStyle = Automatic;
					};
				};
			};
			buildConfigurationList = 95EF2B9A2135B8B400A27463 /* Build configuration list for PBXProject "InlineButtonSearchField" */;
			compatibilityVersion = "Xcode 8.0";
			developmentRegion = en;
			hasScannedForEncodings = 0;
			knownRegions = (
				en,
				Base,
			);
			mainGroup = 95EF2B962135B8B400A27463;
			productRefGroup = 95EF2BA02135B8B400A27463 /* Products */;
			projectDirPath = "";
			projectRoot = "";
			targets = (
				95EF2B9E2135B8B400A27463 /* InlineButtonSearchField */,
				95EF2BD52136079C00A27463 /* InlineButtonSearchFieldExample */,
			);
		};
/* End PBXProject section */

/* Begin PBXResourcesBuildPhase section */
		95EF2B9D2135B8B400A27463 /* Resources */ = {
			isa = PBXResourcesBuildPhase;
			buildActionMask = 2147483647;
			files = (
			);
			runOnlyForDeploymentPostprocessing = 0;
		};
		95EF2BD42136079C00A27463 /* Resources */ = {
			isa = PBXResourcesBuildPhase;
			buildActionMask = 2147483647;
			files = (
				95EF2BDB2136079C00A27463 /* Assets.xcassets in Resources */,
				95EF2BEA2136489300A27463 /* Storyboard.storyboard in Resources */,
			);
			runOnlyForDeploymentPostprocessing = 0;
		};
/* End PBXResourcesBuildPhase section */

/* Begin PBXSourcesBuildPhase section */
		95EF2B9B2135B8B400A27463 /* Sources */ = {
			isa = PBXSourcesBuildPhase;
			buildActionMask = 2147483647;
			files = (
				95EF2BE42136088800A27463 /* AppDelegate.swift in Sources */,
			);
			runOnlyForDeploymentPostprocessing = 0;
		};
		95EF2BD22136079C00A27463 /* Sources */ = {
			isa = PBXSourcesBuildPhase;
			buildActionMask = 2147483647;
			files = (
				95EF2BEF21364EC800A27463 /* InlineButtonSearchField.swift in Sources */,
				95EF2BD92136079C00A27463 /* AppDelegate.swift in Sources */,
				95EF2BE62136438B00A27463 /* MainViewController.swift in Sources */,
			);
			runOnlyForDeploymentPostprocessing = 0;
		};
/* End PBXSourcesBuildPhase section */

/* Begin XCBuildConfiguration section */
		95EF2BAB2135B8B400A27463 /* Debug */ = {
			isa = XCBuildConfiguration;
			buildSettings = {
				ALWAYS_SEARCH_USER_PATHS = NO;
				CLANG_ANALYZER_NONNULL = YES;
				CLANG_ANALYZER_NUMBER_OBJECT_CONVERSION = YES_AGGRESSIVE;
				CLANG_CXX_LANGUAGE_STANDARD = "gnu++14";
				CLANG_CXX_LIBRARY = "libc++";
				CLANG_ENABLE_MODULES = YES;
				CLANG_ENABLE_OBJC_ARC = YES;
				CLANG_WARN_BLOCK_CAPTURE_AUTORELEASING = YES;
				CLANG_WARN_BOOL_CONVERSION = YES;
				CLANG_WARN_COMMA = YES;
				CLANG_WARN_CONSTANT_CONVERSION = YES;
				CLANG_WARN_DIRECT_OBJC_ISA_USAGE = YES_ERROR;
				CLANG_WARN_DOCUMENTATION_COMMENTS = YES;
				CLANG_WARN_EMPTY_BODY = YES;
				CLANG_WARN_ENUM_CONVERSION = YES;
				CLANG_WARN_INFINITE_RECURSION = YES;
				CLANG_WARN_INT_CONVERSION = YES;
				CLANG_WARN_NON_LITERAL_NULL_CONVERSION = YES;
				CLANG_WARN_OBJC_LITERAL_CONVERSION = YES;
				CLANG_WARN_OBJC_ROOT_CLASS = YES_ERROR;
				CLANG_WARN_RANGE_LOOP_ANALYSIS = YES;
				CLANG_WARN_STRICT_PROTOTYPES = YES;
				CLANG_WARN_SUSPICIOUS_MOVE = YES;
				CLANG_WARN_UNGUARDED_AVAILABILITY = YES_AGGRESSIVE;
				CLANG_WARN_UNREACHABLE_CODE = YES;
				CLANG_WARN__DUPLICATE_METHOD_MATCH = YES;
				CODE_SIGN_IDENTITY = "-";
				COPY_PHASE_STRIP = NO;
				DEBUG_INFORMATION_FORMAT = dwarf;
				ENABLE_STRICT_OBJC_MSGSEND = YES;
				ENABLE_TESTABILITY = YES;
				GCC_C_LANGUAGE_STANDARD = gnu11;
				GCC_DYNAMIC_NO_PIC = NO;
				GCC_NO_COMMON_BLOCKS = YES;
				GCC_OPTIMIZATION_LEVEL = 0;
				GCC_PREPROCESSOR_DEFINITIONS = (
					"DEBUG=1",
					"$(inherited)",
				);
				GCC_WARN_64_TO_32_BIT_CONVERSION = YES;
				GCC_WARN_ABOUT_RETURN_TYPE = YES_ERROR;
				GCC_WARN_UNDECLARED_SELECTOR = YES;
				GCC_WARN_UNINITIALIZED_AUTOS = YES_AGGRESSIVE;
				GCC_WARN_UNUSED_FUNCTION = YES;
				GCC_WARN_UNUSED_VARIABLE = YES;
				MACOSX_DEPLOYMENT_TARGET = 10.12;
				MTL_ENABLE_DEBUG_INFO = YES;
				ONLY_ACTIVE_ARCH = YES;
				SDKROOT = macosx;
				SWIFT_ACTIVE_COMPILATION_CONDITIONS = DEBUG;
				SWIFT_OPTIMIZATION_LEVEL = "-Onone";
			};
			name = Debug;
		};
		95EF2BAC2135B8B400A27463 /* Release */ = {
			isa = XCBuildConfiguration;
			buildSettings = {
				ALWAYS_SEARCH_USER_PATHS = NO;
				CLANG_ANALYZER_NONNULL = YES;
				CLANG_ANALYZER_NUMBER_OBJECT_CONVERSION = YES_AGGRESSIVE;
				CLANG_CXX_LANGUAGE_STANDARD = "gnu++14";
				CLANG_CXX_LIBRARY = "libc++";
				CLANG_ENABLE_MODULES = YES;
				CLANG_ENABLE_OBJC_ARC = YES;
				CLANG_WARN_BLOCK_CAPTURE_AUTORELEASING = YES;
				CLANG_WARN_BOOL_CONVERSION = YES;
				CLANG_WARN_COMMA = YES;
				CLANG_WARN_CONSTANT_CONVERSION = YES;
				CLANG_WARN_DIRECT_OBJC_ISA_USAGE = YES_ERROR;
				CLANG_WARN_DOCUMENTATION_COMMENTS = YES;
				CLANG_WARN_EMPTY_BODY = YES;
				CLANG_WARN_ENUM_CONVERSION = YES;
				CLANG_WARN_INFINITE_RECURSION = YES;
				CLANG_WARN_INT_CONVERSION = YES;
				CLANG_WARN_NON_LITERAL_NULL_CONVERSION = YES;
				CLANG_WARN_OBJC_LITERAL_CONVERSION = YES;
				CLANG_WARN_OBJC_ROOT_CLASS = YES_ERROR;
				CLANG_WARN_RANGE_LOOP_ANALYSIS = YES;
				CLANG_WARN_STRICT_PROTOTYPES = YES;
				CLANG_WARN_SUSPICIOUS_MOVE = YES;
				CLANG_WARN_UNGUARDED_AVAILABILITY = YES_AGGRESSIVE;
				CLANG_WARN_UNREACHABLE_CODE = YES;
				CLANG_WARN__DUPLICATE_METHOD_MATCH = YES;
				CODE_SIGN_IDENTITY = "-";
				COPY_PHASE_STRIP = NO;
				DEBUG_INFORMATION_FORMAT = "dwarf-with-dsym";
				ENABLE_NS_ASSERTIONS = NO;
				ENABLE_STRICT_OBJC_MSGSEND = YES;
				GCC_C_LANGUAGE_STANDARD = gnu11;
				GCC_NO_COMMON_BLOCKS = YES;
				GCC_WARN_64_TO_32_BIT_CONVERSION = YES;
				GCC_WARN_ABOUT_RETURN_TYPE = YES_ERROR;
				GCC_WARN_UNDECLARED_SELECTOR = YES;
				GCC_WARN_UNINITIALIZED_AUTOS = YES_AGGRESSIVE;
				GCC_WARN_UNUSED_FUNCTION = YES;
				GCC_WARN_UNUSED_VARIABLE = YES;
				MACOSX_DEPLOYMENT_TARGET = 10.12;
				MTL_ENABLE_DEBUG_INFO = NO;
				SDKROOT = macosx;
				SWIFT_OPTIMIZATION_LEVEL = "-Owholemodule";
			};
			name = Release;
		};
		95EF2BAE2135B8B400A27463 /* Debug */ = {
			isa = XCBuildConfiguration;
			buildSettings = {
				ASSETCATALOG_COMPILER_APPICON_NAME = AppIcon;
				CODE_SIGN_STYLE = Automatic;
				COMBINE_HIDPI_IMAGES = YES;
				INFOPLIST_FILE = InlineButtonSearchField/Info.plist;
				LD_RUNPATH_SEARCH_PATHS = "$(inherited) @executable_path/../Frameworks";
				PRODUCT_BUNDLE_IDENTIFIER = net.scholtzan.InlineButtonSearchField;
				PRODUCT_NAME = "$(TARGET_NAME)";
				SWIFT_VERSION = 4.0;
			};
			name = Debug;
		};
		95EF2BAF2135B8B400A27463 /* Release */ = {
			isa = XCBuildConfiguration;
			buildSettings = {
				ASSETCATALOG_COMPILER_APPICON_NAME = AppIcon;
				CODE_SIGN_STYLE = Automatic;
				COMBINE_HIDPI_IMAGES = YES;
				INFOPLIST_FILE = InlineButtonSearchField/Info.plist;
				LD_RUNPATH_SEARCH_PATHS = "$(inherited) @executable_path/../Frameworks";
				PRODUCT_BUNDLE_IDENTIFIER = net.scholtzan.InlineButtonSearchField;
				PRODUCT_NAME = "$(TARGET_NAME)";
				SWIFT_VERSION = 4.0;
			};
			name = Release;
		};
		95EF2BE22136079D00A27463 /* Debug */ = {
			isa = XCBuildConfiguration;
			buildSettings = {
				ASSETCATALOG_COMPILER_APPICON_NAME = AppIcon;
				CODE_SIGN_ENTITLEMENTS = InlineButtonSearchFieldExample/InlineButtonSearchFieldExample.entitlements;
				CODE_SIGN_STYLE = Automatic;
				COMBINE_HIDPI_IMAGES = YES;
				INFOPLIST_FILE = InlineButtonSearchFieldExample/Info.plist;
				LD_RUNPATH_SEARCH_PATHS = "$(inherited) @executable_path/../Frameworks";
				PRODUCT_BUNDLE_IDENTIFIER = net.scholtzan.InlineButtonSearchFieldExample;
				PRODUCT_NAME = "$(TARGET_NAME)";
				SWIFT_VERSION = 4.0;
			};
			name = Debug;
		};
		95EF2BE32136079D00A27463 /* Release */ = {
			isa = XCBuildConfiguration;
			buildSettings = {
				ASSETCATALOG_COMPILER_APPICON_NAME = AppIcon;
				CODE_SIGN_ENTITLEMENTS = InlineButtonSearchFieldExample/InlineButtonSearchFieldExample.entitlements;
				CODE_SIGN_STYLE = Automatic;
				COMBINE_HIDPI_IMAGES = YES;
				INFOPLIST_FILE = InlineButtonSearchFieldExample/Info.plist;
				LD_RUNPATH_SEARCH_PATHS = "$(inherited) @executable_path/../Frameworks";
				PRODUCT_BUNDLE_IDENTIFIER = net.scholtzan.InlineButtonSearchFieldExample;
				PRODUCT_NAME = "$(TARGET_NAME)";
				SWIFT_VERSION = 4.0;
			};
			name = Release;
		};
/* End XCBuildConfiguration section */

/* Begin XCConfigurationList section */
		95EF2B9A2135B8B400A27463 /* Build configuration list for PBXProject "InlineButtonSearchField" */ = {
			isa = XCConfigurationList;
			buildConfigurations = (
				95EF2BAB2135B8B400A27463 /* Debug */,
				95EF2BAC2135B8B400A27463 /* Release */,
			);
			defaultConfigurationIsVisible = 0;
			defaultConfigurationName = Release;
		};
		95EF2BAD2135B8B400A27463 /* Build configuration list for PBXNativeTarget "InlineButtonSearchField" */ = {
			isa = XCConfigurationList;
			buildConfigurations = (
				95EF2BAE2135B8B400A27463 /* Debug */,
				95EF2BAF2135B8B400A27463 /* Release */,
			);
			defaultConfigurationIsVisible = 0;
			defaultConfigurationName = Release;
		};
		95EF2BE12136079D00A27463 /* Build configuration list for PBXNativeTarget "InlineButtonSearchFieldExample" */ = {
			isa = XCConfigurationList;
			buildConfigurations = (
				95EF2BE22136079D00A27463 /* Debug */,
				95EF2BE32136079D00A27463 /* Release */,
			);
			defaultConfigurationIsVisible = 0;
			defaultConfigurationName = Release;
		};
/* End XCConfigurationList section */
	};
	rootObject = 95EF2B972135B8B400A27463 /* Project object */;
}
